// !$*UTF8*$!
{
	archiveVersion = 1;
	classes = {
	};
	objectVersion = 56;
	objects = {

/* Begin PBXBuildFile section */
		733AB4AD29B3BF010006FF92 /* SDWebImage in Frameworks */ = {isa = PBXBuildFile; productRef = 733AB4AC29B3BF010006FF92 /* SDWebImage */; };
		733AB4AF29B3BF010006FF92 /* SDWebImageMapKit in Frameworks */ = {isa = PBXBuildFile; productRef = 733AB4AE29B3BF010006FF92 /* SDWebImageMapKit */; };
		73C2E9B1FA19BE0BB69AAB0D /* Pods_InstaCloneFirebase.framework in Frameworks */ = {isa = PBXBuildFile; fileRef = 56E3302D4B8E1B9C9BC2F66F /* Pods_InstaCloneFirebase.framework */; };
		73CBE2D229B36966008F1746 /* FeedViewController.swift in Sources */ = {isa = PBXBuildFile; fileRef = 73CBE2D129B36966008F1746 /* FeedViewController.swift */; };
		73CBE2D429B3697D008F1746 /* UploadViewController.swift in Sources */ = {isa = PBXBuildFile; fileRef = 73CBE2D329B3697D008F1746 /* UploadViewController.swift */; };
		73CBE2D629B36999008F1746 /* SettingsViewController.swift in Sources */ = {isa = PBXBuildFile; fileRef = 73CBE2D529B36999008F1746 /* SettingsViewController.swift */; };
		73CBE2D829B3AAE5008F1746 /* FeedCell.swift in Sources */ = {isa = PBXBuildFile; fileRef = 73CBE2D729B3AAE5008F1746 /* FeedCell.swift */; };
		73CDA3A429B34CE200D3BB65 /* AppDelegate.swift in Sources */ = {isa = PBXBuildFile; fileRef = 73CDA3A329B34CE200D3BB65 /* AppDelegate.swift */; };
		73CDA3A629B34CE200D3BB65 /* SceneDelegate.swift in Sources */ = {isa = PBXBuildFile; fileRef = 73CDA3A529B34CE200D3BB65 /* SceneDelegate.swift */; };
		73CDA3A829B34CE200D3BB65 /* ViewController.swift in Sources */ = {isa = PBXBuildFile; fileRef = 73CDA3A729B34CE200D3BB65 /* ViewController.swift */; };
		73CDA3AB29B34CE200D3BB65 /* Main.storyboard in Resources */ = {isa = PBXBuildFile; fileRef = 73CDA3A929B34CE200D3BB65 /* Main.storyboard */; };
		73CDA3AD29B34CE300D3BB65 /* Assets.xcassets in Resources */ = {isa = PBXBuildFile; fileRef = 73CDA3AC29B34CE300D3BB65 /* Assets.xcassets */; };
		73CDA3B029B34CE300D3BB65 /* LaunchScreen.storyboard in Resources */ = {isa = PBXBuildFile; fileRef = 73CDA3AE29B34CE300D3BB65 /* LaunchScreen.storyboard */; };
		73CDA3B829B34D9800D3BB65 /* GoogleService-Info.plist in Resources */ = {isa = PBXBuildFile; fileRef = 73CDA3B729B34D9800D3BB65 /* GoogleService-Info.plist */; };
/* End PBXBuildFile section */

/* Begin PBXFileReference section */
		364B78F06CAD8DAEB1B72FBA /* Pods-InstaCloneFirebase.debug.xcconfig */ = {isa = PBXFileReference; includeInIndex = 1; lastKnownFileType = text.xcconfig; name = "Pods-InstaCloneFirebase.debug.xcconfig"; path = "Target Support Files/Pods-InstaCloneFirebase/Pods-InstaCloneFirebase.debug.xcconfig"; sourceTree = "<group>"; };
		56E3302D4B8E1B9C9BC2F66F /* Pods_InstaCloneFirebase.framework */ = {isa = PBXFileReference; explicitFileType = wrapper.framework; includeInIndex = 0; path = Pods_InstaCloneFirebase.framework; sourceTree = BUILT_PRODUCTS_DIR; };
		73CBE2D129B36966008F1746 /* FeedViewController.swift */ = {isa = PBXFileReference; lastKnownFileType = sourcecode.swift; path = FeedViewController.swift; sourceTree = "<group>"; };
		73CBE2D329B3697D008F1746 /* UploadViewController.swift */ = {isa = PBXFileReference; lastKnownFileType = sourcecode.swift; path = UploadViewController.swift; sourceTree = "<group>"; };
		73CBE2D529B36999008F1746 /* SettingsViewController.swift */ = {isa = PBXFileReference; lastKnownFileType = sourcecode.swift; path = SettingsViewController.swift; sourceTree = "<group>"; };
		73CBE2D729B3AAE5008F1746 /* FeedCell.swift */ = {isa = PBXFileReference; lastKnownFileType = sourcecode.swift; path = FeedCell.swift; sourceTree = "<group>"; };
		73CDA3A029B34CE200D3BB65 /* InstaCloneFirebase.app */ = {isa = PBXFileReference; explicitFileType = wrapper.application; includeInIndex = 0; path = InstaCloneFirebase.app; sourceTree = BUILT_PRODUCTS_DIR; };
		73CDA3A329B34CE200D3BB65 /* AppDelegate.swift */ = {isa = PBXFileReference; lastKnownFileType = sourcecode.swift; path = AppDelegate.swift; sourceTree = "<group>"; };
		73CDA3A529B34CE200D3BB65 /* SceneDelegate.swift */ = {isa = PBXFileReference; lastKnownFileType = sourcecode.swift; path = SceneDelegate.swift; sourceTree = "<group>"; };
		73CDA3A729B34CE200D3BB65 /* ViewController.swift */ = {isa = PBXFileReference; lastKnownFileType = sourcecode.swift; path = ViewController.swift; sourceTree = "<group>"; };
		73CDA3AA29B34CE200D3BB65 /* Base */ = {isa = PBXFileReference; lastKnownFileType = file.storyboard; name = Base; path = Base.lproj/Main.storyboard; sourceTree = "<group>"; };
		73CDA3AC29B34CE300D3BB65 /* Assets.xcassets */ = {isa = PBXFileReference; lastKnownFileType = folder.assetcatalog; path = Assets.xcassets; sourceTree = "<group>"; };
		73CDA3AF29B34CE300D3BB65 /* Base */ = {isa = PBXFileReference; lastKnownFileType = file.storyboard; name = Base; path = Base.lproj/LaunchScreen.storyboard; sourceTree = "<group>"; };
		73CDA3B129B34CE300D3BB65 /* Info.plist */ = {isa = PBXFileReference; lastKnownFileType = text.plist.xml; path = Info.plist; sourceTree = "<group>"; };
		73CDA3B729B34D9800D3BB65 /* GoogleService-Info.plist */ = {isa = PBXFileReference; fileEncoding = 4; lastKnownFileType = text.plist.xml; path = "GoogleService-Info.plist"; sourceTree = "<group>"; };
		D807677B6323F818B4D192FD /* Pods-InstaCloneFirebase.release.xcconfig */ = {isa = PBXFileReference; includeInIndex = 1; lastKnownFileType = text.xcconfig; name = "Pods-InstaCloneFirebase.release.xcconfig"; path = "Target Support Files/Pods-InstaCloneFirebase/Pods-InstaCloneFirebase.release.xcconfig"; sourceTree = "<group>"; };
/* End PBXFileReference section */

/* Begin PBXFrameworksBuildPhase section */
		73CDA39D29B34CE200D3BB65 /* Frameworks */ = {
			isa = PBXFrameworksBuildPhase;
			buildActionMask = 2147483647;
			files = (
				733AB4AD29B3BF010006FF92 /* SDWebImage in Frameworks */,
				733AB4AF29B3BF010006FF92 /* SDWebImageMapKit in Frameworks */,
				73C2E9B1FA19BE0BB69AAB0D /* Pods_InstaCloneFirebase.framework in Frameworks */,
			);
			runOnlyForDeploymentPostprocessing = 0;
		};
/* End PBXFrameworksBuildPhase section */

/* Begin PBXGroup section */
		6A14BE6BBA628BFC5864F7C8 /* Pods */ = {
			isa = PBXGroup;
			children = (
				364B78F06CAD8DAEB1B72FBA /* Pods-InstaCloneFirebase.debug.xcconfig */,
				D807677B6323F818B4D192FD /* Pods-InstaCloneFirebase.release.xcconfig */,
			);
			path = Pods;
			sourceTree = "<group>";
		};
		73CDA39729B34CE200D3BB65 = {
			isa = PBXGroup;
			children = (
				73CDA3A229B34CE200D3BB65 /* InstaCloneFirebase */,
				73CDA3A129B34CE200D3BB65 /* Products */,
				6A14BE6BBA628BFC5864F7C8 /* Pods */,
				E1F7D2B0629FEDD9ECD70B00 /* Frameworks */,
			);
			sourceTree = "<group>";
		};
		73CDA3A129B34CE200D3BB65 /* Products */ = {
			isa = PBXGroup;
			children = (
				73CDA3A029B34CE200D3BB65 /* InstaCloneFirebase.app */,
			);
			name = Products;
			sourceTree = "<group>";
		};
		73CDA3A229B34CE200D3BB65 /* InstaCloneFirebase */ = {
			isa = PBXGroup;
			children = (
				73CDA3A329B34CE200D3BB65 /* AppDelegate.swift */,
				73CDA3A529B34CE200D3BB65 /* SceneDelegate.swift */,
				73CDA3A729B34CE200D3BB65 /* ViewController.swift */,
				73CBE2D129B36966008F1746 /* FeedViewController.swift */,
				73CBE2D329B3697D008F1746 /* UploadViewController.swift */,
				73CBE2D529B36999008F1746 /* SettingsViewController.swift */,
				73CBE2D729B3AAE5008F1746 /* FeedCell.swift */,
				73CDA3A929B34CE200D3BB65 /* Main.storyboard */,
				73CDA3AC29B34CE300D3BB65 /* Assets.xcassets */,
				73CDA3AE29B34CE300D3BB65 /* LaunchScreen.storyboard */,
				73CDA3B129B34CE300D3BB65 /* Info.plist */,
				73CDA3B729B34D9800D3BB65 /* GoogleService-Info.plist */,
			);
			path = InstaCloneFirebase;
			sourceTree = "<group>";
		};
		E1F7D2B0629FEDD9ECD70B00 /* Frameworks */ = {
			isa = PBXGroup;
			children = (
				56E3302D4B8E1B9C9BC2F66F /* Pods_InstaCloneFirebase.framework */,
			);
			name = Frameworks;
			sourceTree = "<group>";
		};
/* End PBXGroup section */

/* Begin PBXNativeTarget section */
		73CDA39F29B34CE200D3BB65 /* InstaCloneFirebase */ = {
			isa = PBXNativeTarget;
			buildConfigurationList = 73CDA3B429B34CE300D3BB65 /* Build configuration list for PBXNativeTarget "InstaCloneFirebase" */;
			buildPhases = (
				ACD54129AF04303C7EC1E061 /* [CP] Check Pods Manifest.lock */,
				73CDA39C29B34CE200D3BB65 /* Sources */,
				73CDA39D29B34CE200D3BB65 /* Frameworks */,
				73CDA39E29B34CE200D3BB65 /* Resources */,
				CEB63BE360B7AF9A98336DE0 /* [CP] Embed Pods Frameworks */,
			);
			buildRules = (
			);
			dependencies = (
			);
			name = InstaCloneFirebase;
			packageProductDependencies = (
				733AB4AC29B3BF010006FF92 /* SDWebImage */,
				733AB4AE29B3BF010006FF92 /* SDWebImageMapKit */,
			);
			productName = InstaCloneFirebase;
			productReference = 73CDA3A029B34CE200D3BB65 /* InstaCloneFirebase.app */;
			productType = "com.apple.product-type.application";
		};
/* End PBXNativeTarget section */

/* Begin PBXProject section */
		73CDA39829B34CE200D3BB65 /* Project object */ = {
			isa = PBXProject;
			attributes = {
				BuildIndependentTargetsInParallel = 1;
				LastSwiftUpdateCheck = 1420;
				LastUpgradeCheck = 1420;
				TargetAttributes = {
					73CDA39F29B34CE200D3BB65 = {
						CreatedOnToolsVersion = 14.2;
					};
				};
			};
			buildConfigurationList = 73CDA39B29B34CE200D3BB65 /* Build configuration list for PBXProject "InstaCloneFirebase" */;
			compatibilityVersion = "Xcode 14.0";
			developmentRegion = en;
			hasScannedForEncodings = 0;
			knownRegions = (
				en,
				Base,
			);
			mainGroup = 73CDA39729B34CE200D3BB65;
			packageReferences = (
				733AB4AB29B3BF010006FF92 /* XCRemoteSwiftPackageReference "SDWebImage" */,
			);
			productRefGroup = 73CDA3A129B34CE200D3BB65 /* Products */;
			projectDirPath = "";
			projectRoot = "";
			targets = (
				73CDA39F29B34CE200D3BB65 /* InstaCloneFirebase */,
			);
		};
/* End PBXProject section */

/* Begin PBXResourcesBuildPhase section */
		73CDA39E29B34CE200D3BB65 /* Resources */ = {
			isa = PBXResourcesBuildPhase;
			buildActionMask = 2147483647;
			files = (
				73CDA3B029B34CE300D3BB65 /* LaunchScreen.storyboard in Resources */,
				73CDA3B829B34D9800D3BB65 /* GoogleService-Info.plist in Resources */,
				73CDA3AD29B34CE300D3BB65 /* Assets.xcassets in Resources */,
				73CDA3AB29B34CE200D3BB65 /* Main.storyboard in Resources */,
			);
			runOnlyForDeploymentPostprocessing = 0;
		};
/* End PBXResourcesBuildPhase section */

/* Begin PBXShellScriptBuildPhase section */
		ACD54129AF04303C7EC1E061 /* [CP] Check Pods Manifest.lock */ = {
			isa = PBXShellScriptBuildPhase;
			buildActionMask = 2147483647;
			files = (
			);
			inputFileListPaths = (
			);
			inputPaths = (
				"${PODS_PODFILE_DIR_PATH}/Podfile.lock",
				"${PODS_ROOT}/Manifest.lock",
			);
			name = "[CP] Check Pods Manifest.lock";
			outputFileListPaths = (
			);
			outputPaths = (
				"$(DERIVED_FILE_DIR)/Pods-InstaCloneFirebase-checkManifestLockResult.txt",
			);
			runOnlyForDeploymentPostprocessing = 0;
			shellPath = /bin/sh;
			shellScript = "diff \"${PODS_PODFILE_DIR_PATH}/Podfile.lock\" \"${PODS_ROOT}/Manifest.lock\" > /dev/null\nif [ $? != 0 ] ; then\n    # print error to STDERR\n    echo \"error: The sandbox is not in sync with the Podfile.lock. Run 'pod install' or update your CocoaPods installation.\" >&2\n    exit 1\nfi\n# This output is used by Xcode 'outputs' to avoid re-running this script phase.\necho \"SUCCESS\" > \"${SCRIPT_OUTPUT_FILE_0}\"\n";
			showEnvVarsInLog = 0;
		};
		CEB63BE360B7AF9A98336DE0 /* [CP] Embed Pods Frameworks */ = {
			isa = PBXShellScriptBuildPhase;
			buildActionMask = 2147483647;
			files = (
			);
			inputFileListPaths = (
				"${PODS_ROOT}/Target Support Files/Pods-InstaCloneFirebase/Pods-InstaCloneFirebase-frameworks-${CONFIGURATION}-input-files.xcfilelist",
			);
			name = "[CP] Embed Pods Frameworks";
			outputFileListPaths = (
				"${PODS_ROOT}/Target Support Files/Pods-InstaCloneFirebase/Pods-InstaCloneFirebase-frameworks-${CONFIGURATION}-output-files.xcfilelist",
			);
			runOnlyForDeploymentPostprocessing = 0;
			shellPath = /bin/sh;
			shellScript = "\"${PODS_ROOT}/Target Support Files/Pods-InstaCloneFirebase/Pods-InstaCloneFirebase-frameworks.sh\"\n";
			showEnvVarsInLog = 0;
		};
/* End PBXShellScriptBuildPhase section */

/* Begin PBXSourcesBuildPhase section */
		73CDA39C29B34CE200D3BB65 /* Sources */ = {
			isa = PBXSourcesBuildPhase;
			buildActionMask = 2147483647;
			files = (
				73CBE2D829B3AAE5008F1746 /* FeedCell.swift in Sources */,
				73CDA3A829B34CE200D3BB65 /* ViewController.swift in Sources */,
				73CBE2D429B3697D008F1746 /* UploadViewController.swift in Sources */,
				73CDA3A429B34CE200D3BB65 /* AppDelegate.swift in Sources */,
				73CBE2D229B36966008F1746 /* FeedViewController.swift in Sources */,
				73CDA3A629B34CE200D3BB65 /* SceneDelegate.swift in Sources */,
				73CBE2D629B36999008F1746 /* SettingsViewController.swift in Sources */,
			);
			runOnlyForDeploymentPostprocessing = 0;
		};
/* End PBXSourcesBuildPhase section */

/* Begin PBXVariantGroup section */
		73CDA3A929B34CE200D3BB65 /* Main.storyboard */ = {
			isa = PBXVariantGroup;
			children = (
				73CDA3AA29B34CE200D3BB65 /* Base */,
			);
			name = Main.storyboard;
			sourceTree = "<group>";
		};
		73CDA3AE29B34CE300D3BB65 /* LaunchScreen.storyboard */ = {
			isa = PBXVariantGroup;
			children = (
				73CDA3AF29B34CE300D3BB65 /* Base */,
			);
			name = LaunchScreen.storyboard;
			sourceTree = "<group>";
		};
/* End PBXVariantGroup section */

/* Begin XCBuildConfiguration section */
		73CDA3B229B34CE300D3BB65 /* Debug */ = {
			isa = XCBuildConfiguration;
			buildSettings = {
				ALWAYS_SEARCH_USER_PATHS = NO;
				CLANG_ANALYZER_NONNULL = YES;
				CLANG_ANALYZER_NUMBER_OBJECT_CONVERSION = YES_AGGRESSIVE;
				CLANG_CXX_LANGUAGE_STANDARD = "gnu++20";
				CLANG_ENABLE_MODULES = YES;
				CLANG_ENABLE_OBJC_ARC = YES;
				CLANG_ENABLE_OBJC_WEAK = YES;
				CLANG_WARN_BLOCK_CAPTURE_AUTORELEASING = YES;
				CLANG_WARN_BOOL_CONVERSION = YES;
				CLANG_WARN_COMMA = YES;
				CLANG_WARN_CONSTANT_CONVERSION = YES;
				CLANG_WARN_DEPRECATED_OBJC_IMPLEMENTATIONS = YES;
				CLANG_WARN_DIRECT_OBJC_ISA_USAGE = YES_ERROR;
				CLANG_WARN_DOCUMENTATION_COMMENTS = YES;
				CLANG_WARN_EMPTY_BODY = YES;
				CLANG_WARN_ENUM_CONVERSION = YES;
				CLANG_WARN_INFINITE_RECURSION = YES;
				CLANG_WARN_INT_CONVERSION = YES;
				CLANG_WARN_NON_LITERAL_NULL_CONVERSION = YES;
				CLANG_WARN_OBJC_IMPLICIT_RETAIN_SELF = YES;
				CLANG_WARN_OBJC_LITERAL_CONVERSION = YES;
				CLANG_WARN_OBJC_ROOT_CLASS = YES_ERROR;
				CLANG_WARN_QUOTED_INCLUDE_IN_FRAMEWORK_HEADER = YES;
				CLANG_WARN_RANGE_LOOP_ANALYSIS = YES;
				CLANG_WARN_STRICT_PROTOTYPES = YES;
				CLANG_WARN_SUSPICIOUS_MOVE = YES;
				CLANG_WARN_UNGUARDED_AVAILABILITY = YES_AGGRESSIVE;
				CLANG_WARN_UNREACHABLE_CODE = YES;
				CLANG_WARN__DUPLICATE_METHOD_MATCH = YES;
				COPY_PHASE_STRIP = NO;
				DEBUG_INFORMATION_FORMAT = dwarf;
				ENABLE_STRICT_OBJC_MSGSEND = YES;
				ENABLE_TESTABILITY = YES;
				GCC_C_LANGUAGE_STANDARD = gnu11;
				GCC_DYNAMIC_NO_PIC = NO;
				GCC_NO_COMMON_BLOCKS = YES;
				GCC_OPTIMIZATION_LEVEL = 0;
				GCC_PREPROCESSOR_DEFINITIONS = (
					"DEBUG=1",
					"$(inherited)",
				);
				GCC_WARN_64_TO_32_BIT_CONVERSION = YES;
				GCC_WARN_ABOUT_RETURN_TYPE = YES_ERROR;
				GCC_WARN_UNDECLARED_SELECTOR = YES;
				GCC_WARN_UNINITIALIZED_AUTOS = YES_AGGRESSIVE;
				GCC_WARN_UNUSED_FUNCTION = YES;
				GCC_WARN_UNUSED_VARIABLE = YES;
				IPHONEOS_DEPLOYMENT_TARGET = 16.2;
				MTL_ENABLE_DEBUG_INFO = INCLUDE_SOURCE;
				MTL_FAST_MATH = YES;
				ONLY_ACTIVE_ARCH = YES;
				SDKROOT = iphoneos;
				SWIFT_ACTIVE_COMPILATION_CONDITIONS = DEBUG;
				SWIFT_OPTIMIZATION_LEVEL = "-Onone";
			};
			name = Debug;
		};
		73CDA3B329B34CE300D3BB65 /* Release */ = {
			isa = XCBuildConfiguration;
			buildSettings = {
				ALWAYS_SEARCH_USER_PATHS = NO;
				CLANG_ANALYZER_NONNULL = YES;
				CLANG_ANALYZER_NUMBER_OBJECT_CONVERSION = YES_AGGRESSIVE;
				CLANG_CXX_LANGUAGE_STANDARD = "gnu++20";
				CLANG_ENABLE_MODULES = YES;
				CLANG_ENABLE_OBJC_ARC = YES;
				CLANG_ENABLE_OBJC_WEAK = YES;
				CLANG_WARN_BLOCK_CAPTURE_AUTORELEASING = YES;
				CLANG_WARN_BOOL_CONVERSION = YES;
				CLANG_WARN_COMMA = YES;
				CLANG_WARN_CONSTANT_CONVERSION = YES;
				CLANG_WARN_DEPRECATED_OBJC_IMPLEMENTATIONS = YES;
				CLANG_WARN_DIRECT_OBJC_ISA_USAGE = YES_ERROR;
				CLANG_WARN_DOCUMENTATION_COMMENTS = YES;
				CLANG_WARN_EMPTY_BODY = YES;
				CLANG_WARN_ENUM_CONVERSION = YES;
				CLANG_WARN_INFINITE_RECURSION = YES;
				CLANG_WARN_INT_CONVERSION = YES;
				CLANG_WARN_NON_LITERAL_NULL_CONVERSION = YES;
				CLANG_WARN_OBJC_IMPLICIT_RETAIN_SELF = YES;
				CLANG_WARN_OBJC_LITERAL_CONVERSION = YES;
				CLANG_WARN_OBJC_ROOT_CLASS = YES_ERROR;
				CLANG_WARN_QUOTED_INCLUDE_IN_FRAMEWORK_HEADER = YES;
				CLANG_WARN_RANGE_LOOP_ANALYSIS = YES;
				CLANG_WARN_STRICT_PROTOTYPES = YES;
				CLANG_WARN_SUSPICIOUS_MOVE = YES;
				CLANG_WARN_UNGUARDED_AVAILABILITY = YES_AGGRESSIVE;
				CLANG_WARN_UNREACHABLE_CODE = YES;
				CLANG_WARN__DUPLICATE_METHOD_MATCH = YES;
				COPY_PHASE_STRIP = NO;
				DEBUG_INFORMATION_FORMAT = "dwarf-with-dsym";
				ENABLE_NS_ASSERTIONS = NO;
				ENABLE_STRICT_OBJC_MSGSEND = YES;
				GCC_C_LANGUAGE_STANDARD = gnu11;
				GCC_NO_COMMON_BLOCKS = YES;
				GCC_WARN_64_TO_32_BIT_CONVERSION = YES;
				GCC_WARN_ABOUT_RETURN_TYPE = YES_ERROR;
				GCC_WARN_UNDECLARED_SELECTOR = YES;
				GCC_WARN_UNINITIALIZED_AUTOS = YES_AGGRESSIVE;
				GCC_WARN_UNUSED_FUNCTION = YES;
				GCC_WARN_UNUSED_VARIABLE = YES;
				IPHONEOS_DEPLOYMENT_TARGET = 16.2;
				MTL_ENABLE_DEBUG_INFO = NO;
				MTL_FAST_MATH = YES;
				SDKROOT = iphoneos;
				SWIFT_COMPILATION_MODE = wholemodule;
				SWIFT_OPTIMIZATION_LEVEL = "-O";
				VALIDATE_PRODUCT = YES;
			};
			name = Release;
		};
		73CDA3B529B34CE300D3BB65 /* Debug */ = {
			isa = XCBuildConfiguration;
			baseConfigurationReference = 364B78F06CAD8DAEB1B72FBA /* Pods-InstaCloneFirebase.debug.xcconfig */;
			buildSettings = {
				ASSETCATALOG_COMPILER_APPICON_NAME = AppIcon;
				ASSETCATALOG_COMPILER_GLOBAL_ACCENT_COLOR_NAME = AccentColor;
				CODE_SIGN_STYLE = Automatic;
				CURRENT_PROJECT_VERSION = 1;
				DEVELOPMENT_TEAM = 6YQ2PKZH68;
				GENERATE_INFOPLIST_FILE = YES;
				INFOPLIST_FILE = InstaCloneFirebase/Info.plist;
				INFOPLIST_KEY_UIApplicationSupportsIndirectInputEvents = YES;
				INFOPLIST_KEY_UILaunchStoryboardName = LaunchScreen;
				INFOPLIST_KEY_UIMainStoryboardFile = Main;
				INFOPLIST_KEY_UISupportedInterfaceOrientations_iPad = "UIInterfaceOrientationPortrait UIInterfaceOrientationPortraitUpsideDown UIInterfaceOrientationLandscapeLeft UIInterfaceOrientationLandscapeRight";
				INFOPLIST_KEY_UISupportedInterfaceOrientations_iPhone = "UIInterfaceOrientationPortrait UIInterfaceOrientationLandscapeLeft UIInterfaceOrientationLandscapeRight";
				LD_RUNPATH_SEARCH_PATHS = (
					"$(inherited)",
					"@executable_path/Frameworks",
				);
				MARKETING_VERSION = 1.0;
				PRODUCT_BUNDLE_IDENTIFIER = com.melikeyayla.InstaCloneFirebase;
				PRODUCT_NAME = "$(TARGET_NAME)";
				SWIFT_EMIT_LOC_STRINGS = YES;
				SWIFT_VERSION = 5.0;
				TARGETED_DEVICE_FAMILY = "1,2";
			};
			name = Debug;
		};
		73CDA3B629B34CE300D3BB65 /* Release */ = {
			isa = XCBuildConfiguration;
			baseConfigurationReference = D807677B6323F818B4D192FD /* Pods-InstaCloneFirebase.release.xcconfig */;
			buildSettings = {
				ASSETCATALOG_COMPILER_APPICON_NAME = AppIcon;
				ASSETCATALOG_COMPILER_GLOBAL_ACCENT_COLOR_NAME = AccentColor;
				CODE_SIGN_STYLE = Automatic;
				CURRENT_PROJECT_VERSION = 1;
				DEVELOPMENT_TEAM = 6YQ2PKZH68;
				GENERATE_INFOPLIST_FILE = YES;
				INFOPLIST_FILE = InstaCloneFirebase/Info.plist;
				INFOPLIST_KEY_UIApplicationSupportsIndirectInputEvents = YES;
				INFOPLIST_KEY_UILaunchStoryboardName = LaunchScreen;
				INFOPLIST_KEY_UIMainStoryboardFile = Main;
				INFOPLIST_KEY_UISupportedInterfaceOrientations_iPad = "UIInterfaceOrientationPortrait UIInterfaceOrientationPortraitUpsideDown UIInterfaceOrientationLandscapeLeft UIInterfaceOrientationLandscapeRight";
				INFOPLIST_KEY_UISupportedInterfaceOrientations_iPhone = "UIInterfaceOrientationPortrait UIInterfaceOrientationLandscapeLeft UIInterfaceOrientationLandscapeRight";
				LD_RUNPATH_SEARCH_PATHS = (
					"$(inherited)",
					"@executable_path/Frameworks",
				);
				MARKETING_VERSION = 1.0;
				PRODUCT_BUNDLE_IDENTIFIER = com.melikeyayla.InstaCloneFirebase;
				PRODUCT_NAME = "$(TARGET_NAME)";
				SWIFT_EMIT_LOC_STRINGS = YES;
				SWIFT_VERSION = 5.0;
				TARGETED_DEVICE_FAMILY = "1,2";
			};
			name = Release;
		};
/* End XCBuildConfiguration section */

/* Begin XCConfigurationList section */
		73CDA39B29B34CE200D3BB65 /* Build configuration list for PBXProject "InstaCloneFirebase" */ = {
			isa = XCConfigurationList;
			buildConfigurations = (
				73CDA3B229B34CE300D3BB65 /* Debug */,
				73CDA3B329B34CE300D3BB65 /* Release */,
			);
			defaultConfigurationIsVisible = 0;
			defaultConfigurationName = Release;
		};
		73CDA3B429B34CE300D3BB65 /* Build configuration list for PBXNativeTarget "InstaCloneFirebase" */ = {
			isa = XCConfigurationList;
			buildConfigurations = (
				73CDA3B529B34CE300D3BB65 /* Debug */,
				73CDA3B629B34CE300D3BB65 /* Release */,
			);
			defaultConfigurationIsVisible = 0;
			defaultConfigurationName = Release;
		};
/* End XCConfigurationList section */

/* Begin XCRemoteSwiftPackageReference section */
		733AB4AB29B3BF010006FF92 /* XCRemoteSwiftPackageReference "SDWebImage" */ = {
			isa = XCRemoteSwiftPackageReference;
			repositoryURL = "https://github.com/SDWebImage/SDWebImage";
			requirement = {
				kind = upToNextMajorVersion;
				minimumVersion = 5.0.0;
			};
		};
/* End XCRemoteSwiftPackageReference section */

/* Begin XCSwiftPackageProductDependency section */
		733AB4AC29B3BF010006FF92 /* SDWebImage */ = {
			isa = XCSwiftPackageProductDependency;
			package = 733AB4AB29B3BF010006FF92 /* XCRemoteSwiftPackageReference "SDWebImage" */;
			productName = SDWebImage;
		};
		733AB4AE29B3BF010006FF92 /* SDWebImageMapKit */ = {
			isa = XCSwiftPackageProductDependency;
			package = 733AB4AB29B3BF010006FF92 /* XCRemoteSwiftPackageReference "SDWebImage" */;
			productName = SDWebImageMapKit;
		};
/* End XCSwiftPackageProductDependency section */
	};
	rootObject = 73CDA39829B34CE200D3BB65 /* Project object */;
}
